
Microsoft Visual Studio Solution File, Format Version 12.00
# Visual Studio Version 16
VisualStudioVersion = 16.0.31410.357
MinimumVisualStudioVersion = 10.0.40219.1
Project("{9A19103F-16F7-4668-BE54-9A1E7A4F7556}") = "Task3_1", "Task3_1\Task3_1.csproj", "{1D980E3A-FC1E-4ACB-9044-4CFE196CDF65}"
EndProject
Project("{9A19103F-16F7-4668-BE54-9A1E7A4F7556}") = "Tasks3Library", "Tasks3Library\Tasks3Library.csproj", "{7D88937A-D7A7-4E8A-9F34-6BAC9D04C1E4}"
EndProject
Project("{9A19103F-16F7-4668-BE54-9A1E7A4F7556}") = "Task3_2", "Task3_2\Task3_2.csproj", "{41BD09A8-2909-402A-BDFA-7ACB52C36010}"
EndProject
Project("{9A19103F-16F7-4668-BE54-9A1E7A4F7556}") = "Task3_3", "Task3_3\Task3_3.csproj", "{332B4223-C2C4-4505-97D0-2AB542D0D016}"
EndProject
Project("{9A19103F-16F7-4668-BE54-9A1E7A4F7556}") = "Task3_4", "Task3_4\Task3_4.csproj", "{781E79C7-3C46-48BF-948C-86D1B06A756F}"
EndProject
Project("{9A19103F-16F7-4668-BE54-9A1E7A4F7556}") = "Task3_5", "Task3_5\Task3_5.csproj", "{18E1B624-D000-4DEA-930D-C54698B5C751}"
EndProject
Project("{9A19103F-16F7-4668-BE54-9A1E7A4F7556}") = "Task3_6", "Task3_6\Task3_6.csproj", "{7EF765C4-1BF6-42BC-AFFA-301A35654B99}"
EndProject
Project("{9A19103F-16F7-4668-BE54-9A1E7A4F7556}") = "Task3_7", "Task3_7\Task3_7.csproj", "{8302160C-C534-40FC-94D9-B9E683335AF7}"
EndProject
Project("{9A19103F-16F7-4668-BE54-9A1E7A4F7556}") = "Task3_8", "Task8\Task3_8.csproj", "{7D293437-B92A-44DB-AAB1-4DB2E31CE52B}"
EndProject
Project("{9A19103F-16F7-4668-BE54-9A1E7A4F7556}") = "Task3_9", "Task3_9\Task3_9.csproj", "{18FF5426-0202-4BB4-B005-3C3AB91E4803}"
EndProject
Project("{9A19103F-16F7-4668-BE54-9A1E7A4F7556}") = "Task3_10", "Task3_10\Task3_10.csproj", "{CE6A358A-BCDA-4D36-B8B1-1646D7BC7CE7}"
EndProject
Project("{9A19103F-16F7-4668-BE54-9A1E7A4F7556}") = "Task3_11", "Task3_11\Task3_11.csproj", "{9C6B3628-E82A-48F3-84BD-7A33C689CA46}"
EndProject
Project("{FAE04EC0-301F-11D3-BF4B-00C04F79EFBC}") = "Task3_12", "Task3_12\Task3_12.csproj", "{A57B2C64-C7F7-4EED-90CB-B765D6C77BC2}"
EndProject
Global
	GlobalSection(SolutionConfigurationPlatforms) = preSolution
		Debug|Any CPU = Debug|Any CPU
		Release|Any CPU = Release|Any CPU
	EndGlobalSection
	GlobalSection(ProjectConfigurationPlatforms) = postSolution
		{1D980E3A-FC1E-4ACB-9044-4CFE196CDF65}.Debug|Any CPU.ActiveCfg = Debug|Any CPU
		{1D980E3A-FC1E-4ACB-9044-4CFE196CDF65}.Debug|Any CPU.Build.0 = Debug|Any CPU
		{1D980E3A-FC1E-4ACB-9044-4CFE196CDF65}.Release|Any CPU.ActiveCfg = Release|Any CPU
		{1D980E3A-FC1E-4ACB-9044-4CFE196CDF65}.Release|Any CPU.Build.0 = Release|Any CPU
		{7D88937A-D7A7-4E8A-9F34-6BAC9D04C1E4}.Debug|Any CPU.ActiveCfg = Debug|Any CPU
		{7D88937A-D7A7-4E8A-9F34-6BAC9D04C1E4}.Debug|Any CPU.Build.0 = Debug|Any CPU
		{7D88937A-D7A7-4E8A-9F34-6BAC9D04C1E4}.Release|Any CPU.ActiveCfg = Release|Any CPU
		{7D88937A-D7A7-4E8A-9F34-6BAC9D04C1E4}.Release|Any CPU.Build.0 = Release|Any CPU
		{41BD09A8-2909-402A-BDFA-7ACB52C36010}.Debug|Any CPU.ActiveCfg = Debug|Any CPU
		{41BD09A8-2909-402A-BDFA-7ACB52C36010}.Debug|Any CPU.Build.0 = Debug|Any CPU
		{41BD09A8-2909-402A-BDFA-7ACB52C36010}.Release|Any CPU.ActiveCfg = Release|Any CPU
		{41BD09A8-2909-402A-BDFA-7ACB52C36010}.Release|Any CPU.Build.0 = Release|Any CPU
		{332B4223-C2C4-4505-97D0-2AB542D0D016}.Debug|Any CPU.ActiveCfg = Debug|Any CPU
		{332B4223-C2C4-4505-97D0-2AB542D0D016}.Debug|Any CPU.Build.0 = Debug|Any CPU
		{332B4223-C2C4-4505-97D0-2AB542D0D016}.Release|Any CPU.ActiveCfg = Release|Any CPU
		{332B4223-C2C4-4505-97D0-2AB542D0D016}.Release|Any CPU.Build.0 = Release|Any CPU
		{781E79C7-3C46-48BF-948C-86D1B06A756F}.Debug|Any CPU.ActiveCfg = Debug|Any CPU
		{781E79C7-3C46-48BF-948C-86D1B06A756F}.Debug|Any CPU.Build.0 = Debug|Any CPU
		{781E79C7-3C46-48BF-948C-86D1B06A756F}.Release|Any CPU.ActiveCfg = Release|Any CPU
		{781E79C7-3C46-48BF-948C-86D1B06A756F}.Release|Any CPU.Build.0 = Release|Any CPU
		{18E1B624-D000-4DEA-930D-C54698B5C751}.Debug|Any CPU.ActiveCfg = Debug|Any CPU
		{18E1B624-D000-4DEA-930D-C54698B5C751}.Debug|Any CPU.Build.0 = Debug|Any CPU
		{18E1B624-D000-4DEA-930D-C54698B5C751}.Release|Any CPU.ActiveCfg = Release|Any CPU
		{18E1B624-D000-4DEA-930D-C54698B5C751}.Release|Any CPU.Build.0 = Release|Any CPU
		{7EF765C4-1BF6-42BC-AFFA-301A35654B99}.Debug|Any CPU.ActiveCfg = Debug|Any CPU
		{7EF765C4-1BF6-42BC-AFFA-301A35654B99}.Debug|Any CPU.Build.0 = Debug|Any CPU
		{7EF765C4-1BF6-42BC-AFFA-301A35654B99}.Release|Any CPU.ActiveCfg = Release|Any CPU
		{7EF765C4-1BF6-42BC-AFFA-301A35654B99}.Release|Any CPU.Build.0 = Release|Any CPU
		{8302160C-C534-40FC-94D9-B9E683335AF7}.Debug|Any CPU.ActiveCfg = Debug|Any CPU
		{8302160C-C534-40FC-94D9-B9E683335AF7}.Debug|Any CPU.Build.0 = Debug|Any CPU
		{8302160C-C534-40FC-94D9-B9E683335AF7}.Release|Any CPU.ActiveCfg = Release|Any CPU
		{8302160C-C534-40FC-94D9-B9E683335AF7}.Release|Any CPU.Build.0 = Release|Any CPU
		{7D293437-B92A-44DB-AAB1-4DB2E31CE52B}.Debug|Any CPU.ActiveCfg = Debug|Any CPU
		{7D293437-B92A-44DB-AAB1-4DB2E31CE52B}.Debug|Any CPU.Build.0 = Debug|Any CPU
		{7D293437-B92A-44DB-AAB1-4DB2E31CE52B}.Release|Any CPU.ActiveCfg = Release|Any CPU
		{7D293437-B92A-44DB-AAB1-4DB2E31CE52B}.Release|Any CPU.Build.0 = Release|Any CPU
		{18FF5426-0202-4BB4-B005-3C3AB91E4803}.Debug|Any CPU.ActiveCfg = Debug|Any CPU
		{18FF5426-0202-4BB4-B005-3C3AB91E4803}.Debug|Any CPU.Build.0 = Debug|Any CPU
		{18FF5426-0202-4BB4-B005-3C3AB91E4803}.Release|Any CPU.ActiveCfg = Release|Any CPU
		{18FF5426-0202-4BB4-B005-3C3AB91E4803}.Release|Any CPU.Build.0 = Release|Any CPU
		{CE6A358A-BCDA-4D36-B8B1-1646D7BC7CE7}.Debug|Any CPU.ActiveCfg = Debug|Any CPU
		{CE6A358A-BCDA-4D36-B8B1-1646D7BC7CE7}.Debug|Any CPU.Build.0 = Debug|Any CPU
		{CE6A358A-BCDA-4D36-B8B1-1646D7BC7CE7}.Release|Any CPU.ActiveCfg = Release|Any CPU
		{CE6A358A-BCDA-4D36-B8B1-1646D7BC7CE7}.Release|Any CPU.Build.0 = Release|Any CPU
		{9C6B3628-E82A-48F3-84BD-7A33C689CA46}.Debug|Any CPU.ActiveCfg = Debug|Any CPU
		{9C6B3628-E82A-48F3-84BD-7A33C689CA46}.Debug|Any CPU.Build.0 = Debug|Any CPU
		{9C6B3628-E82A-48F3-84BD-7A33C689CA46}.Release|Any CPU.ActiveCfg = Release|Any CPU
		{9C6B3628-E82A-48F3-84BD-7A33C689CA46}.Release|Any CPU.Build.0 = Release|Any CPU
		{A57B2C64-C7F7-4EED-90CB-B765D6C77BC2}.Debug|Any CPU.ActiveCfg = Debug|Any CPU
		{A57B2C64-C7F7-4EED-90CB-B765D6C77BC2}.Debug|Any CPU.Build.0 = Debug|Any CPU
		{A57B2C64-C7F7-4EED-90CB-B765D6C77BC2}.Release|Any CPU.ActiveCfg = Release|Any CPU
		{A57B2C64-C7F7-4EED-90CB-B765D6C77BC2}.Release|Any CPU.Build.0 = Release|Any CPU
	EndGlobalSection
	GlobalSection(SolutionProperties) = preSolution
		HideSolutionNode = FALSE
	EndGlobalSection
	GlobalSection(ExtensibilityGlobals) = postSolution
		SolutionGuid = {E90E00AB-2392-4E25-ADCC-1FEEC5271A6E}
	EndGlobalSection
EndGlobal
